// !$*UTF8*$!
{
	archiveVersion = 1;
	classes = {
	};
	objectVersion = 48;
	objects = {

/* Begin PBXBuildFile section */
		355144B8470BB4291D0DE5E2 /* Pods_ViperTestProjTests.framework in Frameworks */ = {isa = PBXBuildFile; fileRef = C538594DF6D485D740F11B11 /* Pods_ViperTestProjTests.framework */; };
		78C5D61D200402C700AD4997 /* AppDelegate.swift in Sources */ = {isa = PBXBuildFile; fileRef = 78C5D61C200402C700AD4997 /* AppDelegate.swift */; };
		78C5D61F200402C700AD4997 /* ViewController.swift in Sources */ = {isa = PBXBuildFile; fileRef = 78C5D61E200402C700AD4997 /* ViewController.swift */; };
		78C5D622200402C700AD4997 /* Main.storyboard in Resources */ = {isa = PBXBuildFile; fileRef = 78C5D620200402C700AD4997 /* Main.storyboard */; };
		78C5D624200402C700AD4997 /* Assets.xcassets in Resources */ = {isa = PBXBuildFile; fileRef = 78C5D623200402C700AD4997 /* Assets.xcassets */; };
		78C5D627200402C700AD4997 /* LaunchScreen.storyboard in Resources */ = {isa = PBXBuildFile; fileRef = 78C5D625200402C700AD4997 /* LaunchScreen.storyboard */; };
		78C5D63D200402C700AD4997 /* ViperTestProjUITests.swift in Sources */ = {isa = PBXBuildFile; fileRef = 78C5D63C200402C700AD4997 /* ViperTestProjUITests.swift */; };
		78C5D65D20041EF300AD4997 /* Nimble.framework in Frameworks */ = {isa = PBXBuildFile; fileRef = 78C5D65E20041EF300AD4997 /* Nimble.framework */; };
		78C5D65F20041F8100AD4997 /* Quick.framework in Frameworks */ = {isa = PBXBuildFile; fileRef = 78C5D66020041F8100AD4997 /* Quick.framework */; };
		78C5D6642004C4D900AD4997 /* CustomUrlSession.swift in Sources */ = {isa = PBXBuildFile; fileRef = 78C5D6632004C4D900AD4997 /* CustomUrlSession.swift */; };
		78C5D6652004C58500AD4997 /* Cuckoo.framework in Frameworks */ = {isa = PBXBuildFile; fileRef = 78C5D6662004C58500AD4997 /* Cuckoo.framework */; };
		78C5D66C2004CA8300AD4997 /* ViperTestProjTests.swift in Sources */ = {isa = PBXBuildFile; fileRef = 78C5D631200402C700AD4997 /* ViperTestProjTests.swift */; };
/* End PBXBuildFile section */

/* Begin PBXContainerItemProxy section */
		78C5D62E200402C700AD4997 /* PBXContainerItemProxy */ = {
			isa = PBXContainerItemProxy;
			containerPortal = 78C5D611200402C700AD4997 /* Project object */;
			proxyType = 1;
			remoteGlobalIDString = 78C5D618200402C700AD4997;
			remoteInfo = ViperTestProj;
		};
		78C5D639200402C700AD4997 /* PBXContainerItemProxy */ = {
			isa = PBXContainerItemProxy;
			containerPortal = 78C5D611200402C700AD4997 /* Project object */;
			proxyType = 1;
			remoteGlobalIDString = 78C5D618200402C700AD4997;
			remoteInfo = ViperTestProj;
		};
/* End PBXContainerItemProxy section */

/* Begin PBXCopyFilesBuildPhase section */
		78C5D64D20041CDE00AD4997 /* Embed Frameworks */ = {
			isa = PBXCopyFilesBuildPhase;
			buildActionMask = 2147483647;
			dstPath = "";
			dstSubfolderSpec = 10;
			files = (
			);
			name = "Embed Frameworks";
			runOnlyForDeploymentPostprocessing = 0;
		};
		78C5D6682004C87100AD4997 /* CopyFiles */ = {
			isa = PBXCopyFilesBuildPhase;
			buildActionMask = 2147483647;
			dstPath = "";
			dstSubfolderSpec = 7;
			files = (
			);
			runOnlyForDeploymentPostprocessing = 0;
		};
/* End PBXCopyFilesBuildPhase section */

/* Begin PBXFileReference section */
		118752811350F7559E37C811 /* Pods-ViperTestProjTests.release.xcconfig */ = {isa = PBXFileReference; includeInIndex = 1; lastKnownFileType = text.xcconfig; name = "Pods-ViperTestProjTests.release.xcconfig"; path = "Pods/Target Support Files/Pods-ViperTestProjTests/Pods-ViperTestProjTests.release.xcconfig"; sourceTree = "<group>"; };
		78C5D619200402C700AD4997 /* ViperTestProj.app */ = {isa = PBXFileReference; explicitFileType = wrapper.application; includeInIndex = 0; path = ViperTestProj.app; sourceTree = BUILT_PRODUCTS_DIR; };
		78C5D61C200402C700AD4997 /* AppDelegate.swift */ = {isa = PBXFileReference; lastKnownFileType = sourcecode.swift; path = AppDelegate.swift; sourceTree = "<group>"; };
		78C5D61E200402C700AD4997 /* ViewController.swift */ = {isa = PBXFileReference; lastKnownFileType = sourcecode.swift; path = ViewController.swift; sourceTree = "<group>"; };
		78C5D621200402C700AD4997 /* Base */ = {isa = PBXFileReference; lastKnownFileType = file.storyboard; name = Base; path = Base.lproj/Main.storyboard; sourceTree = "<group>"; };
		78C5D623200402C700AD4997 /* Assets.xcassets */ = {isa = PBXFileReference; lastKnownFileType = folder.assetcatalog; path = Assets.xcassets; sourceTree = "<group>"; };
		78C5D626200402C700AD4997 /* Base */ = {isa = PBXFileReference; lastKnownFileType = file.storyboard; name = Base; path = Base.lproj/LaunchScreen.storyboard; sourceTree = "<group>"; };
		78C5D628200402C700AD4997 /* Info.plist */ = {isa = PBXFileReference; lastKnownFileType = text.plist.xml; path = Info.plist; sourceTree = "<group>"; };
		78C5D62D200402C700AD4997 /* ViperTestProjTests.xctest */ = {isa = PBXFileReference; explicitFileType = wrapper.cfbundle; includeInIndex = 0; path = ViperTestProjTests.xctest; sourceTree = BUILT_PRODUCTS_DIR; };
		78C5D631200402C700AD4997 /* ViperTestProjTests.swift */ = {isa = PBXFileReference; lastKnownFileType = sourcecode.swift; path = ViperTestProjTests.swift; sourceTree = "<group>"; };
		78C5D633200402C700AD4997 /* Info.plist */ = {isa = PBXFileReference; lastKnownFileType = text.plist.xml; path = Info.plist; sourceTree = "<group>"; };
		78C5D638200402C700AD4997 /* ViperTestProjUITests.xctest */ = {isa = PBXFileReference; explicitFileType = wrapper.cfbundle; includeInIndex = 0; path = ViperTestProjUITests.xctest; sourceTree = BUILT_PRODUCTS_DIR; };
		78C5D63C200402C700AD4997 /* ViperTestProjUITests.swift */ = {isa = PBXFileReference; lastKnownFileType = sourcecode.swift; path = ViperTestProjUITests.swift; sourceTree = "<group>"; };
		78C5D63E200402C700AD4997 /* Info.plist */ = {isa = PBXFileReference; lastKnownFileType = text.plist.xml; path = Info.plist; sourceTree = "<group>"; };
		78C5D65320041CF100AD4997 /* Nimble.framework */ = {isa = PBXFileReference; explicitFileType = wrapper.framework; path = Nimble.framework; sourceTree = BUILT_PRODUCTS_DIR; };
		78C5D65420041CF100AD4997 /* Quick.framework */ = {isa = PBXFileReference; explicitFileType = wrapper.framework; path = Quick.framework; sourceTree = BUILT_PRODUCTS_DIR; };
		78C5D65720041D6400AD4997 /* Nimble.framework */ = {isa = PBXFileReference; explicitFileType = wrapper.framework; path = Nimble.framework; sourceTree = BUILT_PRODUCTS_DIR; };
		78C5D65820041D6400AD4997 /* Quick.framework */ = {isa = PBXFileReference; explicitFileType = wrapper.framework; path = Quick.framework; sourceTree = BUILT_PRODUCTS_DIR; };
		78C5D65B20041E9D00AD4997 /* Nimble.framework */ = {isa = PBXFileReference; explicitFileType = wrapper.framework; path = Nimble.framework; sourceTree = BUILT_PRODUCTS_DIR; };
		78C5D65C20041E9D00AD4997 /* Quick.framework */ = {isa = PBXFileReference; explicitFileType = wrapper.framework; path = Quick.framework; sourceTree = BUILT_PRODUCTS_DIR; };
		78C5D65E20041EF300AD4997 /* Nimble.framework */ = {isa = PBXFileReference; explicitFileType = wrapper.framework; path = Nimble.framework; sourceTree = BUILT_PRODUCTS_DIR; };
		78C5D66020041F8100AD4997 /* Quick.framework */ = {isa = PBXFileReference; explicitFileType = wrapper.framework; path = Quick.framework; sourceTree = BUILT_PRODUCTS_DIR; };
		78C5D6632004C4D900AD4997 /* CustomUrlSession.swift */ = {isa = PBXFileReference; lastKnownFileType = sourcecode.swift; path = CustomUrlSession.swift; sourceTree = "<group>"; };
		78C5D6662004C58500AD4997 /* Cuckoo.framework */ = {isa = PBXFileReference; explicitFileType = wrapper.framework; path = Cuckoo.framework; sourceTree = BUILT_PRODUCTS_DIR; };
		7B2AD4E0254D04422C8E8203 /* Pods-ViperTestProjTests.debug.xcconfig */ = {isa = PBXFileReference; includeInIndex = 1; lastKnownFileType = text.xcconfig; name = "Pods-ViperTestProjTests.debug.xcconfig"; path = "Pods/Target Support Files/Pods-ViperTestProjTests/Pods-ViperTestProjTests.debug.xcconfig"; sourceTree = "<group>"; };
		C538594DF6D485D740F11B11 /* Pods_ViperTestProjTests.framework */ = {isa = PBXFileReference; explicitFileType = wrapper.framework; includeInIndex = 0; path = Pods_ViperTestProjTests.framework; sourceTree = BUILT_PRODUCTS_DIR; };
/* End PBXFileReference section */

/* Begin PBXFrameworksBuildPhase section */
		78C5D616200402C700AD4997 /* Frameworks */ = {
			isa = PBXFrameworksBuildPhase;
			buildActionMask = 2147483647;
			files = (
			);
			runOnlyForDeploymentPostprocessing = 0;
		};
		78C5D62A200402C700AD4997 /* Frameworks */ = {
			isa = PBXFrameworksBuildPhase;
			buildActionMask = 2147483647;
			files = (
				78C5D6652004C58500AD4997 /* Cuckoo.framework in Frameworks */,
				78C5D65F20041F8100AD4997 /* Quick.framework in Frameworks */,
				78C5D65D20041EF300AD4997 /* Nimble.framework in Frameworks */,
				355144B8470BB4291D0DE5E2 /* Pods_ViperTestProjTests.framework in Frameworks */,
			);
			runOnlyForDeploymentPostprocessing = 0;
		};
		78C5D635200402C700AD4997 /* Frameworks */ = {
			isa = PBXFrameworksBuildPhase;
			buildActionMask = 2147483647;
			files = (
			);
			runOnlyForDeploymentPostprocessing = 0;
		};
/* End PBXFrameworksBuildPhase section */

/* Begin PBXGroup section */
		78C5D610200402C700AD4997 = {
			isa = PBXGroup;
			children = (
				78C5D61B200402C700AD4997 /* ViperTestProj */,
				78C5D630200402C700AD4997 /* ViperTestProjTests */,
				78C5D63B200402C700AD4997 /* ViperTestProjUITests */,
				78C5D61A200402C700AD4997 /* Products */,
				F266F0022C947A69E5F3B8DA /* Pods */,
				AD0F9CFD90A480B8173D5235 /* Frameworks */,
			);
			sourceTree = "<group>";
		};
		78C5D61A200402C700AD4997 /* Products */ = {
			isa = PBXGroup;
			children = (
				78C5D619200402C700AD4997 /* ViperTestProj.app */,
				78C5D62D200402C700AD4997 /* ViperTestProjTests.xctest */,
				78C5D638200402C700AD4997 /* ViperTestProjUITests.xctest */,
			);
			name = Products;
			sourceTree = "<group>";
		};
		78C5D61B200402C700AD4997 /* ViperTestProj */ = {
			isa = PBXGroup;
			children = (
				78C5D6622004BFF800AD4997 /* Network */,
				78C5D61C200402C700AD4997 /* AppDelegate.swift */,
				78C5D61E200402C700AD4997 /* ViewController.swift */,
				78C5D620200402C700AD4997 /* Main.storyboard */,
				78C5D623200402C700AD4997 /* Assets.xcassets */,
				78C5D625200402C700AD4997 /* LaunchScreen.storyboard */,
				78C5D628200402C700AD4997 /* Info.plist */,
			);
			path = ViperTestProj;
			sourceTree = "<group>";
		};
		78C5D630200402C700AD4997 /* ViperTestProjTests */ = {
			isa = PBXGroup;
			children = (
				78C5D631200402C700AD4997 /* ViperTestProjTests.swift */,
				78C5D633200402C700AD4997 /* Info.plist */,
			);
			path = ViperTestProjTests;
			sourceTree = "<group>";
		};
		78C5D63B200402C700AD4997 /* ViperTestProjUITests */ = {
			isa = PBXGroup;
			children = (
				78C5D63C200402C700AD4997 /* ViperTestProjUITests.swift */,
				78C5D63E200402C700AD4997 /* Info.plist */,
			);
			path = ViperTestProjUITests;
			sourceTree = "<group>";
		};
		78C5D6622004BFF800AD4997 /* Network */ = {
			isa = PBXGroup;
			children = (
				78C5D6632004C4D900AD4997 /* CustomUrlSession.swift */,
			);
			path = Network;
			sourceTree = "<group>";
		};
		AD0F9CFD90A480B8173D5235 /* Frameworks */ = {
			isa = PBXGroup;
			children = (
				78C5D6662004C58500AD4997 /* Cuckoo.framework */,
				78C5D66020041F8100AD4997 /* Quick.framework */,
				78C5D65E20041EF300AD4997 /* Nimble.framework */,
				78C5D65B20041E9D00AD4997 /* Nimble.framework */,
				78C5D65C20041E9D00AD4997 /* Quick.framework */,
				78C5D65720041D6400AD4997 /* Nimble.framework */,
				78C5D65820041D6400AD4997 /* Quick.framework */,
				78C5D65320041CF100AD4997 /* Nimble.framework */,
				78C5D65420041CF100AD4997 /* Quick.framework */,
				C538594DF6D485D740F11B11 /* Pods_ViperTestProjTests.framework */,
			);
			name = Frameworks;
			sourceTree = "<group>";
		};
		F266F0022C947A69E5F3B8DA /* Pods */ = {
			isa = PBXGroup;
			children = (
				7B2AD4E0254D04422C8E8203 /* Pods-ViperTestProjTests.debug.xcconfig */,
				118752811350F7559E37C811 /* Pods-ViperTestProjTests.release.xcconfig */,
			);
			name = Pods;
			sourceTree = "<group>";
		};
/* End PBXGroup section */

/* Begin PBXNativeTarget section */
		78C5D618200402C700AD4997 /* ViperTestProj */ = {
			isa = PBXNativeTarget;
			buildConfigurationList = 78C5D641200402C700AD4997 /* Build configuration list for PBXNativeTarget "ViperTestProj" */;
			buildPhases = (
				78C5D615200402C700AD4997 /* Sources */,
				78C5D616200402C700AD4997 /* Frameworks */,
				78C5D617200402C700AD4997 /* Resources */,
				78C5D64D20041CDE00AD4997 /* Embed Frameworks */,
			);
			buildRules = (
			);
			dependencies = (
			);
			name = ViperTestProj;
			productName = ViperTestProj;
			productReference = 78C5D619200402C700AD4997 /* ViperTestProj.app */;
			productType = "com.apple.product-type.application";
		};
		78C5D62C200402C700AD4997 /* ViperTestProjTests */ = {
			isa = PBXNativeTarget;
			buildConfigurationList = 78C5D644200402C700AD4997 /* Build configuration list for PBXNativeTarget "ViperTestProjTests" */;
			buildPhases = (
				B284A88BEDB2897DAF3DCF06 /* [CP] Check Pods Manifest.lock */,
				78C5D629200402C700AD4997 /* Sources */,
				78C5D62A200402C700AD4997 /* Frameworks */,
				78C5D62B200402C700AD4997 /* Resources */,
				3BBEA3DDD97F085F2642C33F /* [CP] Embed Pods Frameworks */,
				86B678F4E8020C90A29732F4 /* [CP] Copy Pods Resources */,
				78C5D6612004BFCD00AD4997 /* ShellScript */,
				78C5D6682004C87100AD4997 /* CopyFiles */,
			);
			buildRules = (
			);
			dependencies = (
				78C5D62F200402C700AD4997 /* PBXTargetDependency */,
			);
			name = ViperTestProjTests;
			productName = ViperTestProjTests;
			productReference = 78C5D62D200402C700AD4997 /* ViperTestProjTests.xctest */;
			productType = "com.apple.product-type.bundle.unit-test";
		};
		78C5D637200402C700AD4997 /* ViperTestProjUITests */ = {
			isa = PBXNativeTarget;
			buildConfigurationList = 78C5D647200402C700AD4997 /* Build configuration list for PBXNativeTarget "ViperTestProjUITests" */;
			buildPhases = (
				78C5D634200402C700AD4997 /* Sources */,
				78C5D635200402C700AD4997 /* Frameworks */,
				78C5D636200402C700AD4997 /* Resources */,
			);
			buildRules = (
			);
			dependencies = (
				78C5D63A200402C700AD4997 /* PBXTargetDependency */,
			);
			name = ViperTestProjUITests;
			productName = ViperTestProjUITests;
			productReference = 78C5D638200402C700AD4997 /* ViperTestProjUITests.xctest */;
			productType = "com.apple.product-type.bundle.ui-testing";
		};
/* End PBXNativeTarget section */

/* Begin PBXProject section */
		78C5D611200402C700AD4997 /* Project object */ = {
			isa = PBXProject;
			attributes = {
				LastSwiftUpdateCheck = 0920;
				LastUpgradeCheck = 0920;
				ORGANIZATIONNAME = igor;
				TargetAttributes = {
					78C5D618200402C700AD4997 = {
						CreatedOnToolsVersion = 9.2;
						ProvisioningStyle = Automatic;
					};
					78C5D62C200402C700AD4997 = {
						CreatedOnToolsVersion = 9.2;
						ProvisioningStyle = Automatic;
						TestTargetID = 78C5D618200402C700AD4997;
					};
					78C5D637200402C700AD4997 = {
						CreatedOnToolsVersion = 9.2;
						ProvisioningStyle = Automatic;
						TestTargetID = 78C5D618200402C700AD4997;
					};
				};
			};
			buildConfigurationList = 78C5D614200402C700AD4997 /* Build configuration list for PBXProject "ViperTestProj" */;
			compatibilityVersion = "Xcode 8.0";
			developmentRegion = en;
			hasScannedForEncodings = 0;
			knownRegions = (
				en,
				Base,
			);
			mainGroup = 78C5D610200402C700AD4997;
			productRefGroup = 78C5D61A200402C700AD4997 /* Products */;
			projectDirPath = "";
			projectRoot = "";
			targets = (
				78C5D618200402C700AD4997 /* ViperTestProj */,
				78C5D62C200402C700AD4997 /* ViperTestProjTests */,
				78C5D637200402C700AD4997 /* ViperTestProjUITests */,
			);
		};
/* End PBXProject section */

/* Begin PBXResourcesBuildPhase section */
		78C5D617200402C700AD4997 /* Resources */ = {
			isa = PBXResourcesBuildPhase;
			buildActionMask = 2147483647;
			files = (
				78C5D627200402C700AD4997 /* LaunchScreen.storyboard in Resources */,
				78C5D624200402C700AD4997 /* Assets.xcassets in Resources */,
				78C5D622200402C700AD4997 /* Main.storyboard in Resources */,
			);
			runOnlyForDeploymentPostprocessing = 0;
		};
		78C5D62B200402C700AD4997 /* Resources */ = {
			isa = PBXResourcesBuildPhase;
			buildActionMask = 2147483647;
			files = (
			);
			runOnlyForDeploymentPostprocessing = 0;
		};
		78C5D636200402C700AD4997 /* Resources */ = {
			isa = PBXResourcesBuildPhase;
			buildActionMask = 2147483647;
			files = (
			);
			runOnlyForDeploymentPostprocessing = 0;
		};
/* End PBXResourcesBuildPhase section */

/* Begin PBXShellScriptBuildPhase section */
		3BBEA3DDD97F085F2642C33F /* [CP] Embed Pods Frameworks */ = {
			isa = PBXShellScriptBuildPhase;
			buildActionMask = 2147483647;
			files = (
			);
			inputPaths = (
				"${SRCROOT}/Pods/Target Support Files/Pods-ViperTestProjTests/Pods-ViperTestProjTests-frameworks.sh",
				"${BUILT_PRODUCTS_DIR}/Cuckoo/Cuckoo.framework",
				"${BUILT_PRODUCTS_DIR}/Nimble/Nimble.framework",
				"${BUILT_PRODUCTS_DIR}/Quick/Quick.framework",
			);
			name = "[CP] Embed Pods Frameworks";
			outputPaths = (
				"${TARGET_BUILD_DIR}/${FRAMEWORKS_FOLDER_PATH}/Cuckoo.framework",
				"${TARGET_BUILD_DIR}/${FRAMEWORKS_FOLDER_PATH}/Nimble.framework",
				"${TARGET_BUILD_DIR}/${FRAMEWORKS_FOLDER_PATH}/Quick.framework",
			);
			runOnlyForDeploymentPostprocessing = 0;
			shellPath = /bin/sh;
			shellScript = "\"${SRCROOT}/Pods/Target Support Files/Pods-ViperTestProjTests/Pods-ViperTestProjTests-frameworks.sh\"\n";
			showEnvVarsInLog = 0;
		};
		78C5D6612004BFCD00AD4997 /* ShellScript */ = {
			isa = PBXShellScriptBuildPhase;
			buildActionMask = 12;
			files = (
			);
			inputPaths = (
			);
			outputPaths = (
			);
			runOnlyForDeploymentPostprocessing = 0;
			shellPath = /bin/sh;
			shellScript = "OUTPUT_FILE=\"./${PROJECT_NAME}Tests/GeneratedMocks.swift\"\n#echo \"Generated Mocks File = ${OUTPUT_FILE}\"\n\nINPUT_DIR=\"./${PROJECT_NAME}\"\necho \"Mocks Input Directory = ${INPUT_DIR}\"\n\n${PODS_ROOT}/Cuckoo/run generate --testable \"${PROJECT_NAME}\"  --output \"${OUTPUT_FILE}\"  \"${INPUT_DIR}/Network/CustomUrlSession.swift\"";
		};
		86B678F4E8020C90A29732F4 /* [CP] Copy Pods Resources */ = {
			isa = PBXShellScriptBuildPhase;
			buildActionMask = 2147483647;
			files = (
			);
			inputPaths = (
			);
			name = "[CP] Copy Pods Resources";
			outputPaths = (
			);
			runOnlyForDeploymentPostprocessing = 0;
			shellPath = /bin/sh;
			shellScript = "\"${SRCROOT}/Pods/Target Support Files/Pods-ViperTestProjTests/Pods-ViperTestProjTests-resources.sh\"\n";
			showEnvVarsInLog = 0;
		};
		B284A88BEDB2897DAF3DCF06 /* [CP] Check Pods Manifest.lock */ = {
			isa = PBXShellScriptBuildPhase;
			buildActionMask = 2147483647;
			files = (
			);
			inputPaths = (
				"${PODS_PODFILE_DIR_PATH}/Podfile.lock",
				"${PODS_ROOT}/Manifest.lock",
			);
			name = "[CP] Check Pods Manifest.lock";
			outputPaths = (
				"$(DERIVED_FILE_DIR)/Pods-ViperTestProjTests-checkManifestLockResult.txt",
			);
			runOnlyForDeploymentPostprocessing = 0;
			shellPath = /bin/sh;
			shellScript = "diff \"${PODS_PODFILE_DIR_PATH}/Podfile.lock\" \"${PODS_ROOT}/Manifest.lock\" > /dev/null\nif [ $? != 0 ] ; then\n    # print error to STDERR\n    echo \"error: The sandbox is not in sync with the Podfile.lock. Run 'pod install' or update your CocoaPods installation.\" >&2\n    exit 1\nfi\n# This output is used by Xcode 'outputs' to avoid re-running this script phase.\necho \"SUCCESS\" > \"${SCRIPT_OUTPUT_FILE_0}\"\n";
			showEnvVarsInLog = 0;
		};
/* End PBXShellScriptBuildPhase section */

/* Begin PBXSourcesBuildPhase section */
		78C5D615200402C700AD4997 /* Sources */ = {
			isa = PBXSourcesBuildPhase;
			buildActionMask = 2147483647;
			files = (
				78C5D61F200402C700AD4997 /* ViewController.swift in Sources */,
				78C5D61D200402C700AD4997 /* AppDelegate.swift in Sources */,
				78C5D6642004C4D900AD4997 /* CustomUrlSession.swift in Sources */,
			);
			runOnlyForDeploymentPostprocessing = 0;
		};
		78C5D629200402C700AD4997 /* Sources */ = {
			isa = PBXSourcesBuildPhase;
			buildActionMask = 2147483647;
			files = (
				78C5D66C2004CA8300AD4997 /* ViperTestProjTests.swift in Sources */,
			);
			runOnlyForDeploymentPostprocessing = 0;
		};
		78C5D634200402C700AD4997 /* Sources */ = {
			isa = PBXSourcesBuildPhase;
			buildActionMask = 2147483647;
			files = (
				78C5D63D200402C700AD4997 /* ViperTestProjUITests.swift in Sources */,
			);
			runOnlyForDeploymentPostprocessing = 0;
		};
/* End PBXSourcesBuildPhase section */

/* Begin PBXTargetDependency section */
		78C5D62F200402C700AD4997 /* PBXTargetDependency */ = {
			isa = PBXTargetDependency;
			target = 78C5D618200402C700AD4997 /* ViperTestProj */;
			targetProxy = 78C5D62E200402C700AD4997 /* PBXContainerItemProxy */;
		};
		78C5D63A200402C700AD4997 /* PBXTargetDependency */ = {
			isa = PBXTargetDependency;
			target = 78C5D618200402C700AD4997 /* ViperTestProj */;
			targetProxy = 78C5D639200402C700AD4997 /* PBXContainerItemProxy */;
		};
/* End PBXTargetDependency section */

/* Begin PBXVariantGroup section */
		78C5D620200402C700AD4997 /* Main.storyboard */ = {
			isa = PBXVariantGroup;
			children = (
				78C5D621200402C700AD4997 /* Base */,
			);
			name = Main.storyboard;
			sourceTree = "<group>";
		};
		78C5D625200402C700AD4997 /* LaunchScreen.storyboard */ = {
			isa = PBXVariantGroup;
			children = (
				78C5D626200402C700AD4997 /* Base */,
			);
			name = LaunchScreen.storyboard;
			sourceTree = "<group>";
		};
/* End PBXVariantGroup section */

/* Begin XCBuildConfiguration section */
		78C5D63F200402C700AD4997 /* Debug */ = {
			isa = XCBuildConfiguration;
			buildSettings = {
				ALWAYS_SEARCH_USER_PATHS = NO;
				CLANG_ANALYZER_NONNULL = YES;
				CLANG_ANALYZER_NUMBER_OBJECT_CONVERSION = YES_AGGRESSIVE;
				CLANG_CXX_LANGUAGE_STANDARD = "gnu++14";
				CLANG_CXX_LIBRARY = "libc++";
				CLANG_ENABLE_MODULES = YES;
				CLANG_ENABLE_OBJC_ARC = YES;
				CLANG_WARN_BLOCK_CAPTURE_AUTORELEASING = YES;
				CLANG_WARN_BOOL_CONVERSION = YES;
				CLANG_WARN_COMMA = YES;
				CLANG_WARN_CONSTANT_CONVERSION = YES;
				CLANG_WARN_DIRECT_OBJC_ISA_USAGE = YES_ERROR;
				CLANG_WARN_DOCUMENTATION_COMMENTS = YES;
				CLANG_WARN_EMPTY_BODY = YES;
				CLANG_WARN_ENUM_CONVERSION = YES;
				CLANG_WARN_INFINITE_RECURSION = YES;
				CLANG_WARN_INT_CONVERSION = YES;
				CLANG_WARN_NON_LITERAL_NULL_CONVERSION = YES;
				CLANG_WARN_OBJC_LITERAL_CONVERSION = YES;
				CLANG_WARN_OBJC_ROOT_CLASS = YES_ERROR;
				CLANG_WARN_RANGE_LOOP_ANALYSIS = YES;
				CLANG_WARN_STRICT_PROTOTYPES = YES;
				CLANG_WARN_SUSPICIOUS_MOVE = YES;
				CLANG_WARN_UNGUARDED_AVAILABILITY = YES_AGGRESSIVE;
				CLANG_WARN_UNREACHABLE_CODE = YES;
				CLANG_WARN__DUPLICATE_METHOD_MATCH = YES;
				CODE_SIGN_IDENTITY = "iPhone Developer";
				COPY_PHASE_STRIP = NO;
				DEBUG_INFORMATION_FORMAT = dwarf;
				ENABLE_STRICT_OBJC_MSGSEND = YES;
				ENABLE_TESTABILITY = YES;
				GCC_C_LANGUAGE_STANDARD = gnu11;
				GCC_DYNAMIC_NO_PIC = NO;
				GCC_NO_COMMON_BLOCKS = YES;
				GCC_OPTIMIZATION_LEVEL = 0;
				GCC_PREPROCESSOR_DEFINITIONS = (
					"DEBUG=1",
					"$(inherited)",
				);
				GCC_WARN_64_TO_32_BIT_CONVERSION = YES;
				GCC_WARN_ABOUT_RETURN_TYPE = YES_ERROR;
				GCC_WARN_UNDECLARED_SELECTOR = YES;
				GCC_WARN_UNINITIALIZED_AUTOS = YES_AGGRESSIVE;
				GCC_WARN_UNUSED_FUNCTION = YES;
				GCC_WARN_UNUSED_VARIABLE = YES;
				IPHONEOS_DEPLOYMENT_TARGET = 11.2;
				MTL_ENABLE_DEBUG_INFO = YES;
				ONLY_ACTIVE_ARCH = YES;
				SDKROOT = iphoneos;
				SWIFT_ACTIVE_COMPILATION_CONDITIONS = DEBUG;
				SWIFT_OPTIMIZATION_LEVEL = "-Onone";
			};
			name = Debug;
		};
		78C5D640200402C700AD4997 /* Release */ = {
			isa = XCBuildConfiguration;
			buildSettings = {
				ALWAYS_SEARCH_USER_PATHS = NO;
				CLANG_ANALYZER_NONNULL = YES;
				CLANG_ANALYZER_NUMBER_OBJECT_CONVERSION = YES_AGGRESSIVE;
				CLANG_CXX_LANGUAGE_STANDARD = "gnu++14";
				CLANG_CXX_LIBRARY = "libc++";
				CLANG_ENABLE_MODULES = YES;
				CLANG_ENABLE_OBJC_ARC = YES;
				CLANG_WARN_BLOCK_CAPTURE_AUTORELEASING = YES;
				CLANG_WARN_BOOL_CONVERSION = YES;
				CLANG_WARN_COMMA = YES;
				CLANG_WARN_CONSTANT_CONVERSION = YES;
				CLANG_WARN_DIRECT_OBJC_ISA_USAGE = YES_ERROR;
				CLANG_WARN_DOCUMENTATION_COMMENTS = YES;
				CLANG_WARN_EMPTY_BODY = YES;
				CLANG_WARN_ENUM_CONVERSION = YES;
				CLANG_WARN_INFINITE_RECURSION = YES;
				CLANG_WARN_INT_CONVERSION = YES;
				CLANG_WARN_NON_LITERAL_NULL_CONVERSION = YES;
				CLANG_WARN_OBJC_LITERAL_CONVERSION = YES;
				CLANG_WARN_OBJC_ROOT_CLASS = YES_ERROR;
				CLANG_WARN_RANGE_LOOP_ANALYSIS = YES;
				CLANG_WARN_STRICT_PROTOTYPES = YES;
				CLANG_WARN_SUSPICIOUS_MOVE = YES;
				CLANG_WARN_UNGUARDED_AVAILABILITY = YES_AGGRESSIVE;
				CLANG_WARN_UNREACHABLE_CODE = YES;
				CLANG_WARN__DUPLICATE_METHOD_MATCH = YES;
				CODE_SIGN_IDENTITY = "iPhone Developer";
				COPY_PHASE_STRIP = NO;
				DEBUG_INFORMATION_FORMAT = "dwarf-with-dsym";
				ENABLE_NS_ASSERTIONS = NO;
				ENABLE_STRICT_OBJC_MSGSEND = YES;
				GCC_C_LANGUAGE_STANDARD = gnu11;
				GCC_NO_COMMON_BLOCKS = YES;
				GCC_WARN_64_TO_32_BIT_CONVERSION = YES;
				GCC_WARN_ABOUT_RETURN_TYPE = YES_ERROR;
				GCC_WARN_UNDECLARED_SELECTOR = YES;
				GCC_WARN_UNINITIALIZED_AUTOS = YES_AGGRESSIVE;
				GCC_WARN_UNUSED_FUNCTION = YES;
				GCC_WARN_UNUSED_VARIABLE = YES;
				IPHONEOS_DEPLOYMENT_TARGET = 11.2;
				MTL_ENABLE_DEBUG_INFO = NO;
				SDKROOT = iphoneos;
				SWIFT_OPTIMIZATION_LEVEL = "-Owholemodule";
				VALIDATE_PRODUCT = YES;
			};
			name = Release;
		};
		78C5D642200402C700AD4997 /* Debug */ = {
			isa = XCBuildConfiguration;
			buildSettings = {
				ASSETCATALOG_COMPILER_APPICON_NAME = AppIcon;
				CODE_SIGN_STYLE = Automatic;
				DEVELOPMENT_TEAM = 5BCDXKAUFJ;
				INFOPLIST_FILE = ViperTestProj/Info.plist;
				LD_RUNPATH_SEARCH_PATHS = "$(inherited) @executable_path/Frameworks";
				PRODUCT_BUNDLE_IDENTIFIER = dekwin.ViperTestProj;
				PRODUCT_NAME = "$(TARGET_NAME)";
				SWIFT_VERSION = 4.0;
				TARGETED_DEVICE_FAMILY = "1,2";
			};
			name = Debug;
		};
		78C5D643200402C700AD4997 /* Release */ = {
			isa = XCBuildConfiguration;
			buildSettings = {
				ASSETCATALOG_COMPILER_APPICON_NAME = AppIcon;
				CODE_SIGN_STYLE = Automatic;
				DEVELOPMENT_TEAM = 5BCDXKAUFJ;
				INFOPLIST_FILE = ViperTestProj/Info.plist;
				LD_RUNPATH_SEARCH_PATHS = "$(inherited) @executable_path/Frameworks";
				PRODUCT_BUNDLE_IDENTIFIER = dekwin.ViperTestProj;
				PRODUCT_NAME = "$(TARGET_NAME)";
				SWIFT_VERSION = 4.0;
				TARGETED_DEVICE_FAMILY = "1,2";
			};
			name = Release;
		};
		78C5D645200402C700AD4997 /* Debug */ = {
			isa = XCBuildConfiguration;
			baseConfigurationReference = 7B2AD4E0254D04422C8E8203 /* Pods-ViperTestProjTests.debug.xcconfig */;
			buildSettings = {
				ALWAYS_EMBED_SWIFT_STANDARD_LIBRARIES = YES;
				BUNDLE_LOADER = "$(TEST_HOST)";
				CODE_SIGN_STYLE = Automatic;
				DEVELOPMENT_TEAM = 5BCDXKAUFJ;
				INFOPLIST_FILE = ViperTestProjTests/Info.plist;
				LD_RUNPATH_SEARCH_PATHS = "$(inherited) @executable_path/Frameworks @loader_path/Frameworks";
				PRODUCT_BUNDLE_IDENTIFIER = dekwin.ViperTestProjTests;
				PRODUCT_NAME = "$(TARGET_NAME)";
				SWIFT_VERSION = 4.0;
				TARGETED_DEVICE_FAMILY = "1,2";
				TEST_HOST = "$(BUILT_PRODUCTS_DIR)/ViperTestProj.app/ViperTestProj";
			};
			name = Debug;
		};
		78C5D646200402C700AD4997 /* Release */ = {
			isa = XCBuildConfiguration;
			baseConfigurationReference = 118752811350F7559E37C811 /* Pods-ViperTestProjTests.release.xcconfig */;
			buildSettings = {
				ALWAYS_EMBED_SWIFT_STANDARD_LIBRARIES = YES;
				BUNDLE_LOADER = "$(TEST_HOST)";
				CODE_SIGN_STYLE = Automatic;
				DEVELOPMENT_TEAM = 5BCDXKAUFJ;
				INFOPLIST_FILE = ViperTestProjTests/Info.plist;
				LD_RUNPATH_SEARCH_PATHS = "$(inherited) @executable_path/Frameworks @loader_path/Frameworks";
				PRODUCT_BUNDLE_IDENTIFIER = dekwin.ViperTestProjTests;
				PRODUCT_NAME = "$(TARGET_NAME)";
				SWIFT_VERSION = 4.0;
				TARGETED_DEVICE_FAMILY = "1,2";
				TEST_HOST = "$(BUILT_PRODUCTS_DIR)/ViperTestProj.app/ViperTestProj";
			};
			name = Release;
		};
		78C5D648200402C700AD4997 /* Debug */ = {
			isa = XCBuildConfiguration;
			buildSettings = {
				ALWAYS_EMBED_SWIFT_STANDARD_LIBRARIES = YES;
				CODE_SIGN_STYLE = Automatic;
				DEVELOPMENT_TEAM = 5BCDXKAUFJ;
				INFOPLIST_FILE = ViperTestProjUITests/Info.plist;
				LD_RUNPATH_SEARCH_PATHS = "$(inherited) @executable_path/Frameworks @loader_path/Frameworks";
				PRODUCT_BUNDLE_IDENTIFIER = dekwin.ViperTestProjUITests;
				PRODUCT_NAME = "$(TARGET_NAME)";
				SWIFT_VERSION = 4.0;
				TARGETED_DEVICE_FAMILY = "1,2";
				TEST_TARGET_NAME = ViperTestProj;
			};
			name = Debug;
		};
		78C5D649200402C700AD4997 /* Release */ = {
			isa = XCBuildConfiguration;
			buildSettings = {
				ALWAYS_EMBED_SWIFT_STANDARD_LIBRARIES = YES;
				CODE_SIGN_STYLE = Automatic;
				DEVELOPMENT_TEAM = 5BCDXKAUFJ;
				INFOPLIST_FILE = ViperTestProjUITests/Info.plist;
				LD_RUNPATH_SEARCH_PATHS = "$(inherited) @executable_path/Frameworks @loader_path/Frameworks";
				PRODUCT_BUNDLE_IDENTIFIER = dekwin.ViperTestProjUITests;
				PRODUCT_NAME = "$(TARGET_NAME)";
				SWIFT_VERSION = 4.0;
				TARGETED_DEVICE_FAMILY = "1,2";
				TEST_TARGET_NAME = ViperTestProj;
			};
			name = Release;
		};
/* End XCBuildConfiguration section */

/* Begin XCConfigurationList section */
		78C5D614200402C700AD4997 /* Build configuration list for PBXProject "ViperTestProj" */ = {
			isa = XCConfigurationList;
			buildConfigurations = (
				78C5D63F200402C700AD4997 /* Debug */,
				78C5D640200402C700AD4997 /* Release */,
			);
			defaultConfigurationIsVisible = 0;
			defaultConfigurationName = Release;
		};
		78C5D641200402C700AD4997 /* Build configuration list for PBXNativeTarget "ViperTestProj" */ = {
			isa = XCConfigurationList;
			buildConfigurations = (
				78C5D642200402C700AD4997 /* Debug */,
				78C5D643200402C700AD4997 /* Release */,
			);
			defaultConfigurationIsVisible = 0;
			defaultConfigurationName = Release;
		};
		78C5D644200402C700AD4997 /* Build configuration list for PBXNativeTarget "ViperTestProjTests" */ = {
			isa = XCConfigurationList;
			buildConfigurations = (
				78C5D645200402C700AD4997 /* Debug */,
				78C5D646200402C700AD4997 /* Release */,
			);
			defaultConfigurationIsVisible = 0;
			defaultConfigurationName = Release;
		};
		78C5D647200402C700AD4997 /* Build configuration list for PBXNativeTarget "ViperTestProjUITests" */ = {
			isa = XCConfigurationList;
			buildConfigurations = (
				78C5D648200402C700AD4997 /* Debug */,
				78C5D649200402C700AD4997 /* Release */,
			);
			defaultConfigurationIsVisible = 0;
			defaultConfigurationName = Release;
		};
/* End XCConfigurationList section */
	};
	rootObject = 78C5D611200402C700AD4997 /* Project object */;
}
